
Microsoft Visual Studio Solution File, Format Version 12.00
# Visual Studio Version 17
VisualStudioVersion = 17.6.33723.286
MinimumVisualStudioVersion = 10.0.40219.1
Project("{9A19103F-16F7-4668-BE54-9A1E7A4F7556}") = "Execicios Teste", "Execicios\Execicios Teste.csproj", "{E4C9C0C9-338A-4359-8772-B8CFBDC33467}"
EndProject
Project("{2150E333-8FDC-42A3-9474-1A3956D46DE8}") = "01 - Condicional", "01 - Condicional", "{52759D97-06A8-443F-9DCE-CD94B1299842}"
EndProject
Project("{9A19103F-16F7-4668-BE54-9A1E7A4F7556}") = "Exercicio1", "Exercicio1\Exercicio1.csproj", "{AF1AA45C-EB32-4A7F-B6A6-9D88CE384248}"
EndProject
Project("{9A19103F-16F7-4668-BE54-9A1E7A4F7556}") = "Exercicio2", "Exercicio2\Exercicio2.csproj", "{732A0ED3-EEEA-469F-9C4C-7A6DA51577E3}"
EndProject
Project("{9A19103F-16F7-4668-BE54-9A1E7A4F7556}") = "Exercicio3", "Exercicio3\Exercicio3.csproj", "{7FACF222-68A5-4310-B14D-2B2A5E30822B}"
EndProject
Project("{9A19103F-16F7-4668-BE54-9A1E7A4F7556}") = "Exercicio4", "Exercicio4\Exercicio4.csproj", "{564D18AC-0068-47BC-8335-45707444F2AD}"
EndProject
Project("{9A19103F-16F7-4668-BE54-9A1E7A4F7556}") = "Exercicio5", "Exercicio5\Exercicio5.csproj", "{0777B75C-7AE2-4599-9E83-C8DFC0176DC4}"
EndProject
Project("{9A19103F-16F7-4668-BE54-9A1E7A4F7556}") = "Exercicio6", "Exercicio6\Exercicio6.csproj", "{D58F9D8F-4C7A-44D7-A03E-687B665BA613}"
EndProject
Project("{9A19103F-16F7-4668-BE54-9A1E7A4F7556}") = "Exercicio7", "Exercicio7\Exercicio7.csproj", "{16915036-2655-4192-BDA9-4186B8408794}"
EndProject
Project("{2150E333-8FDC-42A3-9474-1A3956D46DE8}") = "02 - Escolha Caso", "02 - Escolha Caso", "{C07902C5-5705-4FF3-B2E4-4CD63148C81D}"
EndProject
Project("{9A19103F-16F7-4668-BE54-9A1E7A4F7556}") = "exercicio1", "..\Escolha Caso\exercicio1\exercicio1.csproj", "{53124B63-D0CF-4598-9F3F-31286D02A178}"
EndProject
Project("{9A19103F-16F7-4668-BE54-9A1E7A4F7556}") = "Exercicio2", "..\Escolha Caso\Exercicio2\Exercicio2.csproj", "{01072045-09F5-4F90-8577-802E90BC1248}"
EndProject
Project("{9A19103F-16F7-4668-BE54-9A1E7A4F7556}") = "Exercicio3", "..\Escolha Caso\Exercicio3\Exercicio3.csproj", "{8D517576-D3F0-4545-804D-8338EB514DBA}"
EndProject
Project("{2150E333-8FDC-42A3-9474-1A3956D46DE8}") = "03 - Para", "03 - Para", "{9DFAD1AE-FB75-40D5-8747-B1C9D716288E}"
EndProject
Project("{9A19103F-16F7-4668-BE54-9A1E7A4F7556}") = "Exercicio1", "..\Para\Exercicio1\Exercicio1.csproj", "{A1D47E32-4877-4744-A732-CE9B9917F7C7}"
EndProject
Project("{9A19103F-16F7-4668-BE54-9A1E7A4F7556}") = "Exercicio2", "..\Para\Exercicio2\Exercicio2.csproj", "{D7F4D92B-8C1F-4776-85B5-DCE2CBB801AE}"
EndProject
Project("{9A19103F-16F7-4668-BE54-9A1E7A4F7556}") = "Exercicio3", "..\Para\Exercicio3\Exercicio3.csproj", "{EF0C5826-4528-4EB3-9843-9D1BD581F602}"
EndProject
Project("{9A19103F-16F7-4668-BE54-9A1E7A4F7556}") = "Exercicio4", "..\Para\Exercicio4\Exercicio4.csproj", "{144ABC4A-4672-4087-AE5E-0CCC579FA55E}"
EndProject
Project("{9A19103F-16F7-4668-BE54-9A1E7A4F7556}") = "Exercicio5", "..\Para\Exercicio5\Exercicio5.csproj", "{65EFD283-D708-4F3C-B395-C8D223765661}"
EndProject
Project("{2150E333-8FDC-42A3-9474-1A3956D46DE8}") = "04 - Enquanto", "04 - Enquanto", "{4FB2FBF4-1F02-4995-9BCE-A61627C36E9A}"
EndProject
Project("{FAE04EC0-301F-11D3-BF4B-00C04F79EFBC}") = "Exercicio1", "..\Enquanto\Exercicio1\Exercicio1.csproj", "{6E826CFE-E23C-4F35-9D95-E6AF65A615DF}"
EndProject
Project("{FAE04EC0-301F-11D3-BF4B-00C04F79EFBC}") = "Exercicio2", "..\Enquanto\Exercicio2\Exercicio2.csproj", "{FBC38EAC-8339-476D-A4A4-02E017646276}"
EndProject
Project("{FAE04EC0-301F-11D3-BF4B-00C04F79EFBC}") = "Exercicio3", "..\Enquanto\Exercicio3\Exercicio3.csproj", "{B97AFAB7-1B3C-42DE-A841-D5A14F2C034F}"
EndProject
Project("{FAE04EC0-301F-11D3-BF4B-00C04F79EFBC}") = "Exercicio4", "..\Enquanto\Exercicio4\Exercicio4.csproj", "{B3660DD7-27B9-444D-9456-042BAE52A7BD}"
EndProject
Project("{FAE04EC0-301F-11D3-BF4B-00C04F79EFBC}") = "Exercicio5", "..\Enquanto\Exercicio5\Exercicio5.csproj", "{1D229B05-9582-4FDE-8790-46997988700F}"
EndProject
Global
	GlobalSection(SolutionConfigurationPlatforms) = preSolution
		Debug|Any CPU = Debug|Any CPU
		Release|Any CPU = Release|Any CPU
	EndGlobalSection
	GlobalSection(ProjectConfigurationPlatforms) = postSolution
		{E4C9C0C9-338A-4359-8772-B8CFBDC33467}.Debug|Any CPU.ActiveCfg = Debug|Any CPU
		{E4C9C0C9-338A-4359-8772-B8CFBDC33467}.Debug|Any CPU.Build.0 = Debug|Any CPU
		{E4C9C0C9-338A-4359-8772-B8CFBDC33467}.Release|Any CPU.ActiveCfg = Release|Any CPU
		{E4C9C0C9-338A-4359-8772-B8CFBDC33467}.Release|Any CPU.Build.0 = Release|Any CPU
		{AF1AA45C-EB32-4A7F-B6A6-9D88CE384248}.Debug|Any CPU.ActiveCfg = Debug|Any CPU
		{AF1AA45C-EB32-4A7F-B6A6-9D88CE384248}.Debug|Any CPU.Build.0 = Debug|Any CPU
		{AF1AA45C-EB32-4A7F-B6A6-9D88CE384248}.Release|Any CPU.ActiveCfg = Release|Any CPU
		{AF1AA45C-EB32-4A7F-B6A6-9D88CE384248}.Release|Any CPU.Build.0 = Release|Any CPU
		{732A0ED3-EEEA-469F-9C4C-7A6DA51577E3}.Debug|Any CPU.ActiveCfg = Debug|Any CPU
		{732A0ED3-EEEA-469F-9C4C-7A6DA51577E3}.Debug|Any CPU.Build.0 = Debug|Any CPU
		{732A0ED3-EEEA-469F-9C4C-7A6DA51577E3}.Release|Any CPU.ActiveCfg = Release|Any CPU
		{732A0ED3-EEEA-469F-9C4C-7A6DA51577E3}.Release|Any CPU.Build.0 = Release|Any CPU
		{7FACF222-68A5-4310-B14D-2B2A5E30822B}.Debug|Any CPU.ActiveCfg = Debug|Any CPU
		{7FACF222-68A5-4310-B14D-2B2A5E30822B}.Debug|Any CPU.Build.0 = Debug|Any CPU
		{7FACF222-68A5-4310-B14D-2B2A5E30822B}.Release|Any CPU.ActiveCfg = Release|Any CPU
		{7FACF222-68A5-4310-B14D-2B2A5E30822B}.Release|Any CPU.Build.0 = Release|Any CPU
		{564D18AC-0068-47BC-8335-45707444F2AD}.Debug|Any CPU.ActiveCfg = Debug|Any CPU
		{564D18AC-0068-47BC-8335-45707444F2AD}.Debug|Any CPU.Build.0 = Debug|Any CPU
		{564D18AC-0068-47BC-8335-45707444F2AD}.Release|Any CPU.ActiveCfg = Release|Any CPU
		{564D18AC-0068-47BC-8335-45707444F2AD}.Release|Any CPU.Build.0 = Release|Any CPU
		{0777B75C-7AE2-4599-9E83-C8DFC0176DC4}.Debug|Any CPU.ActiveCfg = Debug|Any CPU
		{0777B75C-7AE2-4599-9E83-C8DFC0176DC4}.Debug|Any CPU.Build.0 = Debug|Any CPU
		{0777B75C-7AE2-4599-9E83-C8DFC0176DC4}.Release|Any CPU.ActiveCfg = Release|Any CPU
		{0777B75C-7AE2-4599-9E83-C8DFC0176DC4}.Release|Any CPU.Build.0 = Release|Any CPU
		{D58F9D8F-4C7A-44D7-A03E-687B665BA613}.Debug|Any CPU.ActiveCfg = Debug|Any CPU
		{D58F9D8F-4C7A-44D7-A03E-687B665BA613}.Debug|Any CPU.Build.0 = Debug|Any CPU
		{D58F9D8F-4C7A-44D7-A03E-687B665BA613}.Release|Any CPU.ActiveCfg = Release|Any CPU
		{D58F9D8F-4C7A-44D7-A03E-687B665BA613}.Release|Any CPU.Build.0 = Release|Any CPU
		{16915036-2655-4192-BDA9-4186B8408794}.Debug|Any CPU.ActiveCfg = Debug|Any CPU
		{16915036-2655-4192-BDA9-4186B8408794}.Debug|Any CPU.Build.0 = Debug|Any CPU
		{16915036-2655-4192-BDA9-4186B8408794}.Release|Any CPU.ActiveCfg = Release|Any CPU
		{16915036-2655-4192-BDA9-4186B8408794}.Release|Any CPU.Build.0 = Release|Any CPU
		{53124B63-D0CF-4598-9F3F-31286D02A178}.Debug|Any CPU.ActiveCfg = Debug|Any CPU
		{53124B63-D0CF-4598-9F3F-31286D02A178}.Debug|Any CPU.Build.0 = Debug|Any CPU
		{53124B63-D0CF-4598-9F3F-31286D02A178}.Release|Any CPU.ActiveCfg = Release|Any CPU
		{53124B63-D0CF-4598-9F3F-31286D02A178}.Release|Any CPU.Build.0 = Release|Any CPU
		{01072045-09F5-4F90-8577-802E90BC1248}.Debug|Any CPU.ActiveCfg = Debug|Any CPU
		{01072045-09F5-4F90-8577-802E90BC1248}.Debug|Any CPU.Build.0 = Debug|Any CPU
		{01072045-09F5-4F90-8577-802E90BC1248}.Release|Any CPU.ActiveCfg = Release|Any CPU
		{01072045-09F5-4F90-8577-802E90BC1248}.Release|Any CPU.Build.0 = Release|Any CPU
		{8D517576-D3F0-4545-804D-8338EB514DBA}.Debug|Any CPU.ActiveCfg = Debug|Any CPU
		{8D517576-D3F0-4545-804D-8338EB514DBA}.Debug|Any CPU.Build.0 = Debug|Any CPU
		{8D517576-D3F0-4545-804D-8338EB514DBA}.Release|Any CPU.ActiveCfg = Release|Any CPU
		{8D517576-D3F0-4545-804D-8338EB514DBA}.Release|Any CPU.Build.0 = Release|Any CPU
		{A1D47E32-4877-4744-A732-CE9B9917F7C7}.Debug|Any CPU.ActiveCfg = Debug|Any CPU
		{A1D47E32-4877-4744-A732-CE9B9917F7C7}.Debug|Any CPU.Build.0 = Debug|Any CPU
		{A1D47E32-4877-4744-A732-CE9B9917F7C7}.Release|Any CPU.ActiveCfg = Release|Any CPU
		{A1D47E32-4877-4744-A732-CE9B9917F7C7}.Release|Any CPU.Build.0 = Release|Any CPU
		{D7F4D92B-8C1F-4776-85B5-DCE2CBB801AE}.Debug|Any CPU.ActiveCfg = Debug|Any CPU
		{D7F4D92B-8C1F-4776-85B5-DCE2CBB801AE}.Debug|Any CPU.Build.0 = Debug|Any CPU
		{D7F4D92B-8C1F-4776-85B5-DCE2CBB801AE}.Release|Any CPU.ActiveCfg = Release|Any CPU
		{D7F4D92B-8C1F-4776-85B5-DCE2CBB801AE}.Release|Any CPU.Build.0 = Release|Any CPU
		{EF0C5826-4528-4EB3-9843-9D1BD581F602}.Debug|Any CPU.ActiveCfg = Debug|Any CPU
		{EF0C5826-4528-4EB3-9843-9D1BD581F602}.Debug|Any CPU.Build.0 = Debug|Any CPU
		{EF0C5826-4528-4EB3-9843-9D1BD581F602}.Release|Any CPU.ActiveCfg = Release|Any CPU
		{EF0C5826-4528-4EB3-9843-9D1BD581F602}.Release|Any CPU.Build.0 = Release|Any CPU
		{144ABC4A-4672-4087-AE5E-0CCC579FA55E}.Debug|Any CPU.ActiveCfg = Debug|Any CPU
		{144ABC4A-4672-4087-AE5E-0CCC579FA55E}.Debug|Any CPU.Build.0 = Debug|Any CPU
		{144ABC4A-4672-4087-AE5E-0CCC579FA55E}.Release|Any CPU.ActiveCfg = Release|Any CPU
		{144ABC4A-4672-4087-AE5E-0CCC579FA55E}.Release|Any CPU.Build.0 = Release|Any CPU
		{65EFD283-D708-4F3C-B395-C8D223765661}.Debug|Any CPU.ActiveCfg = Debug|Any CPU
		{65EFD283-D708-4F3C-B395-C8D223765661}.Debug|Any CPU.Build.0 = Debug|Any CPU
		{65EFD283-D708-4F3C-B395-C8D223765661}.Release|Any CPU.ActiveCfg = Release|Any CPU
		{65EFD283-D708-4F3C-B395-C8D223765661}.Release|Any CPU.Build.0 = Release|Any CPU
		{6E826CFE-E23C-4F35-9D95-E6AF65A615DF}.Debug|Any CPU.ActiveCfg = Debug|Any CPU
		{6E826CFE-E23C-4F35-9D95-E6AF65A615DF}.Debug|Any CPU.Build.0 = Debug|Any CPU
		{6E826CFE-E23C-4F35-9D95-E6AF65A615DF}.Release|Any CPU.ActiveCfg = Release|Any CPU
		{6E826CFE-E23C-4F35-9D95-E6AF65A615DF}.Release|Any CPU.Build.0 = Release|Any CPU
		{FBC38EAC-8339-476D-A4A4-02E017646276}.Debug|Any CPU.ActiveCfg = Debug|Any CPU
		{FBC38EAC-8339-476D-A4A4-02E017646276}.Debug|Any CPU.Build.0 = Debug|Any CPU
		{FBC38EAC-8339-476D-A4A4-02E017646276}.Release|Any CPU.ActiveCfg = Release|Any CPU
		{FBC38EAC-8339-476D-A4A4-02E017646276}.Release|Any CPU.Build.0 = Release|Any CPU
		{B97AFAB7-1B3C-42DE-A841-D5A14F2C034F}.Debug|Any CPU.ActiveCfg = Debug|Any CPU
		{B97AFAB7-1B3C-42DE-A841-D5A14F2C034F}.Debug|Any CPU.Build.0 = Debug|Any CPU
		{B97AFAB7-1B3C-42DE-A841-D5A14F2C034F}.Release|Any CPU.ActiveCfg = Release|Any CPU
		{B97AFAB7-1B3C-42DE-A841-D5A14F2C034F}.Release|Any CPU.Build.0 = Release|Any CPU
		{B3660DD7-27B9-444D-9456-042BAE52A7BD}.Debug|Any CPU.ActiveCfg = Debug|Any CPU
		{B3660DD7-27B9-444D-9456-042BAE52A7BD}.Debug|Any CPU.Build.0 = Debug|Any CPU
		{B3660DD7-27B9-444D-9456-042BAE52A7BD}.Release|Any CPU.ActiveCfg = Release|Any CPU
		{B3660DD7-27B9-444D-9456-042BAE52A7BD}.Release|Any CPU.Build.0 = Release|Any CPU
		{1D229B05-9582-4FDE-8790-46997988700F}.Debug|Any CPU.ActiveCfg = Debug|Any CPU
		{1D229B05-9582-4FDE-8790-46997988700F}.Debug|Any CPU.Build.0 = Debug|Any CPU
		{1D229B05-9582-4FDE-8790-46997988700F}.Release|Any CPU.ActiveCfg = Release|Any CPU
		{1D229B05-9582-4FDE-8790-46997988700F}.Release|Any CPU.Build.0 = Release|Any CPU
	EndGlobalSection
	GlobalSection(SolutionProperties) = preSolution
		HideSolutionNode = FALSE
	EndGlobalSection
	GlobalSection(NestedProjects) = preSolution
		{AF1AA45C-EB32-4A7F-B6A6-9D88CE384248} = {52759D97-06A8-443F-9DCE-CD94B1299842}
		{732A0ED3-EEEA-469F-9C4C-7A6DA51577E3} = {52759D97-06A8-443F-9DCE-CD94B1299842}
		{7FACF222-68A5-4310-B14D-2B2A5E30822B} = {52759D97-06A8-443F-9DCE-CD94B1299842}
		{564D18AC-0068-47BC-8335-45707444F2AD} = {52759D97-06A8-443F-9DCE-CD94B1299842}
		{0777B75C-7AE2-4599-9E83-C8DFC0176DC4} = {52759D97-06A8-443F-9DCE-CD94B1299842}
		{D58F9D8F-4C7A-44D7-A03E-687B665BA613} = {52759D97-06A8-443F-9DCE-CD94B1299842}
		{16915036-2655-4192-BDA9-4186B8408794} = {52759D97-06A8-443F-9DCE-CD94B1299842}
		{53124B63-D0CF-4598-9F3F-31286D02A178} = {C07902C5-5705-4FF3-B2E4-4CD63148C81D}
		{01072045-09F5-4F90-8577-802E90BC1248} = {C07902C5-5705-4FF3-B2E4-4CD63148C81D}
		{8D517576-D3F0-4545-804D-8338EB514DBA} = {C07902C5-5705-4FF3-B2E4-4CD63148C81D}
		{A1D47E32-4877-4744-A732-CE9B9917F7C7} = {9DFAD1AE-FB75-40D5-8747-B1C9D716288E}
		{D7F4D92B-8C1F-4776-85B5-DCE2CBB801AE} = {9DFAD1AE-FB75-40D5-8747-B1C9D716288E}
		{EF0C5826-4528-4EB3-9843-9D1BD581F602} = {9DFAD1AE-FB75-40D5-8747-B1C9D716288E}
		{144ABC4A-4672-4087-AE5E-0CCC579FA55E} = {9DFAD1AE-FB75-40D5-8747-B1C9D716288E}
		{65EFD283-D708-4F3C-B395-C8D223765661} = {9DFAD1AE-FB75-40D5-8747-B1C9D716288E}
		{6E826CFE-E23C-4F35-9D95-E6AF65A615DF} = {4FB2FBF4-1F02-4995-9BCE-A61627C36E9A}
		{FBC38EAC-8339-476D-A4A4-02E017646276} = {4FB2FBF4-1F02-4995-9BCE-A61627C36E9A}
		{B97AFAB7-1B3C-42DE-A841-D5A14F2C034F} = {4FB2FBF4-1F02-4995-9BCE-A61627C36E9A}
		{B3660DD7-27B9-444D-9456-042BAE52A7BD} = {4FB2FBF4-1F02-4995-9BCE-A61627C36E9A}
		{1D229B05-9582-4FDE-8790-46997988700F} = {4FB2FBF4-1F02-4995-9BCE-A61627C36E9A}
	EndGlobalSection
	GlobalSection(ExtensibilityGlobals) = postSolution
		SolutionGuid = {8C855A56-BBFF-4F36-8185-ED0240C802E0}
	EndGlobalSection
EndGlobal
